
Microsoft Visual Studio Solution File, Format Version 11.00
# Visual Studio 2010
Project("{FAE04EC0-301F-11D3-BF4B-00C04F79EFBC}") = "EditorItemTemplates", "EditorItemTemplates.csproj", "{30AE1881-8BD1-41F1-8907-9594B1E13933}"
EndProject
Project("{FAE04EC0-301F-11D3-BF4B-00C04F79EFBC}") = "CreateVSIX", "CreateVSIX\CreateVSIX.csproj", "{8D360A44-2B26-47FB-A5AB-18ABBA0DB80C}"
EndProject
Global
	GlobalSection(SolutionConfigurationPlatforms) = preSolution
		Debug|Any CPU = Debug|Any CPU
		Release|Any CPU = Release|Any CPU
	EndGlobalSection
	GlobalSection(ProjectConfigurationPlatforms) = postSolution
		{30AE1881-8BD1-41F1-8907-9594B1E13933}.Debug|Any CPU.ActiveCfg = Debug|Any CPU
		{30AE1881-8BD1-41F1-8907-9594B1E13933}.Debug|Any CPU.Build.0 = Debug|Any CPU
		{30AE1881-8BD1-41F1-8907-9594B1E13933}.Release|Any CPU.ActiveCfg = Release|Any CPU
		{30AE1881-8BD1-41F1-8907-9594B1E13933}.Release|Any CPU.Build.0 = Release|Any CPU
		{8D360A44-2B26-47FB-A5AB-18ABBA0DB80C}.Debug|Any CPU.ActiveCfg = Debug|Any CPU
		{8D360A44-2B26-47FB-A5AB-18ABBA0DB80C}.Debug|Any CPU.Build.0 = Debug|Any CPU
		{8D360A44-2B26-47FB-A5AB-18ABBA0DB80C}.Release|Any CPU.ActiveCfg = Release|Any CPU
		{8D360A44-2B26-47FB-A5AB-18ABBA0DB80C}.Release|Any CPU.Build.0 = Release|Any CPU
	EndGlobalSection
	GlobalSection(SolutionProperties) = preSolution
		HideSolutionNode = FALSE
	EndGlobalSection
EndGlobal
